
Microsoft Visual Studio Solution File, Format Version 12.00
# Visual Studio Version 17
VisualStudioVersion = 17.4.33213.308
MinimumVisualStudioVersion = 10.0.40219.1
Project("{FAE04EC0-301F-11D3-BF4B-00C04F79EFBC}") = "estructura-repetitivas_Andrea Iboy", "estructura-repetitivas_Andrea Iboy\estructura-repetitivas_Andrea Iboy.csproj", "{B05484EE-5C60-4956-9CF1-0642D8408E85}"
EndProject
Global
	GlobalSection(SolutionConfigurationPlatforms) = preSolution
		Debug|Any CPU = Debug|Any CPU
		Release|Any CPU = Release|Any CPU
	EndGlobalSection
	GlobalSection(ProjectConfigurationPlatforms) = postSolution
		{B05484EE-5C60-4956-9CF1-0642D8408E85}.Debug|Any CPU.ActiveCfg = Debug|Any CPU
		{B05484EE-5C60-4956-9CF1-0642D8408E85}.Debug|Any CPU.Build.0 = Debug|Any CPU
		{B05484EE-5C60-4956-9CF1-0642D8408E85}.Release|Any CPU.ActiveCfg = Release|Any CPU
		{B05484EE-5C60-4956-9CF1-0642D8408E85}.Release|Any CPU.Build.0 = Release|Any CPU
	EndGlobalSection
	GlobalSection(SolutionProperties) = preSolution
		HideSolutionNode = FALSE
	EndGlobalSection
	GlobalSection(ExtensibilityGlobals) = postSolution
		SolutionGuid = {00EC2AA3-6883-4ADE-B93A-39F040566EFF}
	EndGlobalSection
EndGlobal
